# This file is autogenerated, do not edit; changes may be undone by the next 'dep ensure'.


[[projects]]
  branch = "master"
  digest = "1:c99b088af32b8a6f4a60163b7ec756f9b48ef0ebdce4c32000819ccc5a56496d"
  name = "boscoin.io/sebak"
  packages = [
    "lib/common",
    "lib/errors",
    "lib/node",
  ]
  pruneopts = "UT"
  revision = "c164434cbbb8cc5baf402b48f4e791601e337997"

[[projects]]
  digest = "1:9f3b30d9f8e0d7040f729b82dcbc8f0dead820a133b3147ce355fc451f32d761"
  name = "github.com/BurntSushi/toml"
  packages = ["."]
  pruneopts = "UT"
  revision = "3012a1dbe2e4bd1391d42b32f0577cb7bbc7f005"
  version = "v0.3.1"

[[projects]]
  digest = "1:0d9fbf9830904c8c43b860c49664754c18913eb2a7e1c868edb212a838e2cdbd"
  name = "github.com/Microsoft/go-winio"
  packages = ["."]
  pruneopts = "UT"
  revision = "fff283ad5116362ca252298cfc9b95828956d85d"
  version = "v0.3.8"

[[projects]]
  digest = "1:f3b6664d93ffaee13d93f1dcab4f30ce64204c4b24dda73695ecc8e686645d1b"
  name = "github.com/Sirupsen/logrus"
  packages = ["."]
  pruneopts = "UT"
  revision = "d26492970760ca5d33129d2d799e34be5c4782eb"
  version = "v0.11.0"

[[projects]]
  branch = "master"
  digest = "1:47ea4fbe2ab4aeb9808502c51e657041c2e49b36b83fc1c1a349135cdf16342f"
  name = "github.com/agl/ed25519"
  packages = [
    ".",
    "edwards25519",
  ]
  pruneopts = "UT"
  revision = "5312a61534124124185d41f09206b9fef1d88403"

[[projects]]
  branch = "master"
  digest = "1:95f4fdfbc8d7723bd21e467aabe98d86f06d3e2557b1ba92bf9df8aea6706784"
  name = "github.com/btcsuite/btcutil"
  packages = ["base58"]
  pruneopts = "UT"
  revision = "ab6388e0c60ae4834a1f57511e20c17b5f78be4b"

[[projects]]
  branch = "docker/1.13"
  digest = "1:6b5297ed2caa15361468ddbb4add02a8498b2c1082c3ac0a7eb0dde01f13428a"
  name = "github.com/docker/distribution"
  packages = [
    "digest",
    "reference",
  ]
  pruneopts = "UT"
  revision = "28602af35aceda2f8d571bad7ca37a54cf0250bc"

[[projects]]
  digest = "1:3ff7592ed102201cb64c94401943199c79ed3deac18d76f306dc64e54a53955b"
  name = "github.com/docker/docker"
  packages = [
    "api/types",
    "api/types/blkiodev",
    "api/types/container",
    "api/types/events",
    "api/types/filters",
    "api/types/mount",
    "api/types/network",
    "api/types/reference",
    "api/types/registry",
    "api/types/strslice",
    "api/types/swarm",
    "api/types/time",
    "api/types/versions",
    "api/types/volume",
    "client",
    "pkg/archive",
    "pkg/fileutils",
    "pkg/idtools",
    "pkg/ioutils",
    "pkg/longpath",
    "pkg/pools",
    "pkg/promise",
    "pkg/system",
    "pkg/tlsconfig",
  ]
  pruneopts = "UT"
  revision = "092cba3727bb9b4a2f0e922cd6c0f93ea270e363"
  version = "v1.13.1"

[[projects]]
  branch = "docker/1.13"
  digest = "1:07bb488a98c1191b663ca88f48f2a8e6576495fba83d270eeb3bf627e0f8001d"
  name = "github.com/docker/go-connections"
  packages = [
    "nat",
    "sockets",
    "tlsconfig",
  ]
  pruneopts = "UT"
  revision = "ecb4cb2dd420ada7df7f2593d6c25441f65f69f2"

[[projects]]
  digest = "1:aaf8d8f8ffb92e0c4985a8796655071cb9a1870c585ad50d968f78931b871a98"
  name = "github.com/docker/go-units"
  packages = ["."]
  pruneopts = "UT"
  revision = "8a7beacffa3009a9ac66bad506b18ffdd110cf97"

[[projects]]
  digest = "1:b44fe4f532d719dabc8ed9b4e14319ddf1c5f6ad7e801e42f4878e7c87638f33"
  name = "github.com/ethereum/go-ethereum"
  packages = [
    "common",
    "common/hexutil",
    "crypto/sha3",
    "rlp",
  ]
  pruneopts = "UT"
  revision = "8bbe72075e4e16442c4e28d999edee12e294329e"
  version = "v1.8.17"

[[projects]]
  digest = "1:586ea76dbd0374d6fb649a91d70d652b7fe0ccffb8910a77468e7702e7901f3d"
  name = "github.com/go-stack/stack"
  packages = ["."]
  pruneopts = "UT"
  revision = "2fee6af1a9795aafbe0253a0cfbdf668e1fb8a9a"
  version = "v1.8.0"

[[projects]]
  digest = "1:c79fb010be38a59d657c48c6ba1d003a8aa651fa56b579d959d74573b7dff8e1"
  name = "github.com/gorilla/context"
  packages = ["."]
  pruneopts = "UT"
  revision = "08b5f424b9271eedf6f9f0ce86cb9396ed337a42"
  version = "v1.1.1"

[[projects]]
  digest = "1:e73f5b0152105f18bc131fba127d9949305c8693f8a762588a82a48f61756f5f"
  name = "github.com/gorilla/mux"
  packages = ["."]
  pruneopts = "UT"
  revision = "e3702bed27f0d39777b0b37b664b6280e8ef8fbf"
  version = "v1.6.2"

[[projects]]
  digest = "1:e96640e5b9ce93e2d7ee18f48048483080fd23e72e3c38bc17e9c8b77062031a"
  name = "github.com/inconshreveable/log15"
  packages = ["."]
  pruneopts = "UT"
  revision = "67afb5ed74ec82fd7ac8f49d27c509ac6f991970"
  version = "v2.14"

[[projects]]
  digest = "1:870d441fe217b8e689d7949fef6e43efbc787e50f200cb1e70dbca9204a1d6be"
  name = "github.com/inconshreveable/mousetrap"
  packages = ["."]
  pruneopts = "UT"
  revision = "76626ae9c91c4f2a10f34cad8ce83ea42c93bb75"
  version = "v1.0"

[[projects]]
  digest = "1:8ef506fc2bb9ced9b151dafa592d4046063d744c646c1bbe801982ce87e4bc24"
  name = "github.com/lib/pq"
  packages = [
    ".",
    "oid",
  ]
  pruneopts = "UT"
  revision = "4ded0e9383f75c197b3a2aaa6d590ac52df6fd79"
  version = "v1.0.0"

[[projects]]
  digest = "1:c658e84ad3916da105a761660dcaeb01e63416c8ec7bc62256a9b411a05fcd67"
  name = "github.com/mattn/go-colorable"
  packages = ["."]
  pruneopts = "UT"
  revision = "167de6bfdfba052fa6b2d3664c8f5272e23c9072"
  version = "v0.0.9"

[[projects]]
  digest = "1:0981502f9816113c9c8c4ac301583841855c8cf4da8c72f696b3ebedf6d0e4e5"
  name = "github.com/mattn/go-isatty"
  packages = ["."]
  pruneopts = "UT"
  revision = "6ca4dbf54d38eea1a992b3c722a76a5d1c4cb25c"
  version = "v0.0.4"

[[projects]]
  digest = "1:1869683e323ebff2bdf8adcb560f82bf6f8d94019d35099e3403f7df12e9c07e"
  name = "github.com/opencontainers/runc"
  packages = [
    "libcontainer/system",
    "libcontainer/user",
  ]
  pruneopts = "UT"
  revision = "baf6536d6259209c3edfa2b22237af82942d3dfa"
  version = "v0.1.1"

[[projects]]
  digest = "1:40e195917a951a8bf867cd05de2a46aaf1806c50cf92eebf4c16f78cd196f747"
  name = "github.com/pkg/errors"
  packages = ["."]
  pruneopts = "UT"
  revision = "645ef00459ed84a119197bfb8d8205042c6df63d"
  version = "v0.8.0"

[[projects]]
  digest = "1:274f67cb6fed9588ea2521ecdac05a6d62a8c51c074c1fccc6a49a40ba80e925"
  name = "github.com/satori/go.uuid"
  packages = ["."]
  pruneopts = "UT"
  revision = "f58768cc1a7a7e77a3bd49e98cdd21419399b6a3"
  version = "v1.2.0"

[[projects]]
  digest = "1:645cabccbb4fa8aab25a956cbcbdf6a6845ca736b2c64e197ca7cbb9d210b939"
  name = "github.com/spf13/cobra"
  packages = ["."]
  pruneopts = "UT"
  revision = "ef82de70bb3f60c65fb8eebacbb2d122ef517385"
  version = "v0.0.3"

[[projects]]
  digest = "1:c1b1102241e7f645bc8e0c22ae352e8f0dc6484b6cb4d132fa9f24174e0119e2"
  name = "github.com/spf13/pflag"
  packages = ["."]
  pruneopts = "UT"
  revision = "298182f68c66c05229eb03ac171abe6e309ee79a"
  version = "v1.0.3"

[[projects]]
  branch = "master"
  digest = "1:c3388b2a90a1396c2a98fae93412eb9f10cb44853032acfd37d572eb57218230"
  name = "github.com/stellar/go"
  packages = [
    "crc16",
    "hash",
    "keypair",
    "network",
    "strkey",
    "support/errors",
    "xdr",
  ]
  pruneopts = "UT"
  revision = "52243a4a5bf0a552728bbd886fdbc38f8f0bc976"

[[projects]]
  branch = "master"
  digest = "1:6c08cb31e67fed09170edb8c194705b3ffe9e76b90b51c25b6673244ca8bbe89"
  name = "github.com/stellar/go-xdr"
  packages = ["xdr3"]
  pruneopts = "UT"
  revision = "0bc96f33a18ef2f963e75431dbed042129eb421b"

[[projects]]
  digest = "1:7d3067747acc172b67667bb0d2749db79aaa54f233b7a88e158dc59e728e1960"
  name = "github.com/ulule/limiter"
  packages = ["."]
  pruneopts = "UT"
  revision = "e006c275f8a2f053225fcd51d5736e516c0df1a3"
  version = "v3.0.0"

[[projects]]
  branch = "master"
  digest = "1:9539b9aff76641a0aa82f69406bff0fb949a171a19c24bbedde7317e8cf5a9a4"
  name = "golang.org/x/net"
  packages = [
    "context",
    "context/ctxhttp",
    "http/httpguts",
    "http2",
    "http2/hpack",
    "idna",
    "internal/socks",
    "proxy",
  ]
  pruneopts = "UT"
  revision = "c44066c5c816ec500d459a2a324a753f78531ae0"

[[projects]]
  branch = "master"
  digest = "1:d3e0b1b48b36298893e7667f91bce04d1b6996e5eb93b898db926cad94ce9514"
  name = "golang.org/x/sys"
  packages = [
    "unix",
    "windows",
  ]
  pruneopts = "UT"
  revision = "7e31e0c00fa05cb5fbf4347b585621d6709e19a4"

[[projects]]
  digest = "1:a2ab62866c75542dd18d2b069fec854577a20211d7c0ea6ae746072a1dccdd18"
  name = "golang.org/x/text"
  packages = [
    "collate",
    "collate/build",
    "internal/colltab",
    "internal/gen",
    "internal/tag",
    "internal/triegen",
    "internal/ucd",
    "language",
    "secure/bidirule",
    "transform",
    "unicode/bidi",
    "unicode/cldr",
    "unicode/norm",
    "unicode/rangetable",
  ]
  pruneopts = "UT"
  revision = "f21a4dfb5e38f5895301dc265a8def02365cc3d0"
  version = "v0.3.0"

[solve-meta]
  analyzer-name = "dep"
  analyzer-version = 1
  input-imports = [
    "boscoin.io/sebak/lib/common",
    "boscoin.io/sebak/lib/node",
    "github.com/BurntSushi/toml",
    "github.com/docker/docker/api/types",
    "github.com/docker/docker/api/types/container",
    "github.com/docker/docker/api/types/mount",
    "github.com/docker/docker/api/types/network",
    "github.com/docker/docker/client",
    "github.com/docker/docker/pkg/archive",
    "github.com/docker/go-connections/nat",
    "github.com/docker/go-connections/tlsconfig",
    "github.com/inconshreveable/log15",
    "github.com/mattn/go-isatty",
    "github.com/spf13/cobra",
    "github.com/stellar/go/keypair",
  ]
  solver-name = "gps-cdcl"
  solver-version = 1
